
Microsoft Visual Studio Solution File, Format Version 12.00
# Visual Studio Version 17
VisualStudioVersion = 17.5.002.0
MinimumVisualStudioVersion = 10.0.40219.1
Project("{9A19103F-16F7-4668-BE54-9A1E7A4F7556}") = "DriveWise", "DriveWise\DriveWise.csproj", "{C0D980CD-E944-4F5B-B71D-51B83669620A}"
EndProject
Project("{FAE04EC0-301F-11D3-BF4B-00C04F79EFBC}") = "Entities", "Models\Entities.csproj", "{C856ECDE-1835-4F2C-9F9F-D64528F1CAD1}"
EndProject
Project("{FAE04EC0-301F-11D3-BF4B-00C04F79EFBC}") = "Repositories.Contracts", "Repositories.Contracts\Repositories.Contracts.csproj", "{F2DAA72C-B4A7-4398-8794-7A192C511080}"
EndProject
Project("{FAE04EC0-301F-11D3-BF4B-00C04F79EFBC}") = "Repositories", "Repositories\Repositories.csproj", "{D4E76524-8B72-4CFC-82D6-D07BD448F545}"
EndProject
Project("{FAE04EC0-301F-11D3-BF4B-00C04F79EFBC}") = "DTOs", "DTOs\DTOs.csproj", "{8655B693-629B-4D2C-B80E-05DED780056B}"
EndProject
Global
	GlobalSection(SolutionConfigurationPlatforms) = preSolution
		Debug|Any CPU = Debug|Any CPU
		Release|Any CPU = Release|Any CPU
	EndGlobalSection
	GlobalSection(ProjectConfigurationPlatforms) = postSolution
		{C0D980CD-E944-4F5B-B71D-51B83669620A}.Debug|Any CPU.ActiveCfg = Debug|Any CPU
		{C0D980CD-E944-4F5B-B71D-51B83669620A}.Debug|Any CPU.Build.0 = Debug|Any CPU
		{C0D980CD-E944-4F5B-B71D-51B83669620A}.Release|Any CPU.ActiveCfg = Release|Any CPU
		{C0D980CD-E944-4F5B-B71D-51B83669620A}.Release|Any CPU.Build.0 = Release|Any CPU
		{C856ECDE-1835-4F2C-9F9F-D64528F1CAD1}.Debug|Any CPU.ActiveCfg = Debug|Any CPU
		{C856ECDE-1835-4F2C-9F9F-D64528F1CAD1}.Debug|Any CPU.Build.0 = Debug|Any CPU
		{C856ECDE-1835-4F2C-9F9F-D64528F1CAD1}.Release|Any CPU.ActiveCfg = Release|Any CPU
		{C856ECDE-1835-4F2C-9F9F-D64528F1CAD1}.Release|Any CPU.Build.0 = Release|Any CPU
		{F2DAA72C-B4A7-4398-8794-7A192C511080}.Debug|Any CPU.ActiveCfg = Debug|Any CPU
		{F2DAA72C-B4A7-4398-8794-7A192C511080}.Debug|Any CPU.Build.0 = Debug|Any CPU
		{F2DAA72C-B4A7-4398-8794-7A192C511080}.Release|Any CPU.ActiveCfg = Release|Any CPU
		{F2DAA72C-B4A7-4398-8794-7A192C511080}.Release|Any CPU.Build.0 = Release|Any CPU
		{D4E76524-8B72-4CFC-82D6-D07BD448F545}.Debug|Any CPU.ActiveCfg = Debug|Any CPU
		{D4E76524-8B72-4CFC-82D6-D07BD448F545}.Debug|Any CPU.Build.0 = Debug|Any CPU
		{D4E76524-8B72-4CFC-82D6-D07BD448F545}.Release|Any CPU.ActiveCfg = Release|Any CPU
		{D4E76524-8B72-4CFC-82D6-D07BD448F545}.Release|Any CPU.Build.0 = Release|Any CPU
		{8655B693-629B-4D2C-B80E-05DED780056B}.Debug|Any CPU.ActiveCfg = Debug|Any CPU
		{8655B693-629B-4D2C-B80E-05DED780056B}.Debug|Any CPU.Build.0 = Debug|Any CPU
		{8655B693-629B-4D2C-B80E-05DED780056B}.Release|Any CPU.ActiveCfg = Release|Any CPU
		{8655B693-629B-4D2C-B80E-05DED780056B}.Release|Any CPU.Build.0 = Release|Any CPU
	EndGlobalSection
	GlobalSection(SolutionProperties) = preSolution
		HideSolutionNode = FALSE
	EndGlobalSection
	GlobalSection(ExtensibilityGlobals) = postSolution
		SolutionGuid = {C8F000F2-6414-499C-B57B-D2187BFF8EA2}
	EndGlobalSection
EndGlobal
